
Microsoft Visual Studio Solution File, Format Version 12.00
# Visual Studio Version 17
VisualStudioVersion = 17.2.32526.322
MinimumVisualStudioVersion = 10.0.40219.1
Project("{9A19103F-16F7-4668-BE54-9A1E7A4F7556}") = "Assignment.GlobalExceptionDemo", "Assignment.GlobalExceptionDemo\Assignment.GlobalExceptionDemo.csproj", "{5A8AEB99-837F-460B-9A7E-C2C3D8F2C342}"
EndProject
Project("{9A19103F-16F7-4668-BE54-9A1E7A4F7556}") = "Assignment.GlobalFilterDemo", "Assignment.GlobalFilterDemo\Assignment.GlobalFilterDemo.csproj", "{EC38C38D-44D3-40EA-A8FE-64C38CFAAC6E}"
EndProject
Global
	GlobalSection(SolutionConfigurationPlatforms) = preSolution
		Debug|Any CPU = Debug|Any CPU
		Release|Any CPU = Release|Any CPU
	EndGlobalSection
	GlobalSection(ProjectConfigurationPlatforms) = postSolution
		{5A8AEB99-837F-460B-9A7E-C2C3D8F2C342}.Debug|Any CPU.ActiveCfg = Debug|Any CPU
		{5A8AEB99-837F-460B-9A7E-C2C3D8F2C342}.Debug|Any CPU.Build.0 = Debug|Any CPU
		{5A8AEB99-837F-460B-9A7E-C2C3D8F2C342}.Release|Any CPU.ActiveCfg = Release|Any CPU
		{5A8AEB99-837F-460B-9A7E-C2C3D8F2C342}.Release|Any CPU.Build.0 = Release|Any CPU
		{EC38C38D-44D3-40EA-A8FE-64C38CFAAC6E}.Debug|Any CPU.ActiveCfg = Debug|Any CPU
		{EC38C38D-44D3-40EA-A8FE-64C38CFAAC6E}.Debug|Any CPU.Build.0 = Debug|Any CPU
		{EC38C38D-44D3-40EA-A8FE-64C38CFAAC6E}.Release|Any CPU.ActiveCfg = Release|Any CPU
		{EC38C38D-44D3-40EA-A8FE-64C38CFAAC6E}.Release|Any CPU.Build.0 = Release|Any CPU
	EndGlobalSection
	GlobalSection(SolutionProperties) = preSolution
		HideSolutionNode = FALSE
	EndGlobalSection
	GlobalSection(ExtensibilityGlobals) = postSolution
		SolutionGuid = {2CB10A02-46BD-4179-9352-09750924E579}
	EndGlobalSection
EndGlobal
