
Microsoft Visual Studio Solution File, Format Version 12.00
# Visual Studio Version 17
VisualStudioVersion = 17.3.32505.426
MinimumVisualStudioVersion = 10.0.40219.1
Project("{9A19103F-16F7-4668-BE54-9A1E7A4F7556}") = "Assignment.Server", "Assignment.Server\Assignment.Server.csproj", "{78795798-9632-4EA3-BCE3-9CFA966061F8}"
EndProject
Project("{FAE04EC0-301F-11D3-BF4B-00C04F79EFBC}") = "Assignment.Client.DaprClientWeb", "Assignment.Client.DaprClientWeb\Assignment.Client.DaprClientWeb.csproj", "{02F99917-E1D2-4D9E-8414-480C9E819C84}"
EndProject
Project("{FAE04EC0-301F-11D3-BF4B-00C04F79EFBC}") = "Assignment.Client.DaprClientWeb.V2", "Assignment.Client.DaprClientWeb.V2\Assignment.Client.DaprClientWeb.V2.csproj", "{7209E121-7820-4A86-B65C-2C87311B634B}"
EndProject
Global
	GlobalSection(SolutionConfigurationPlatforms) = preSolution
		Debug|Any CPU = Debug|Any CPU
		Release|Any CPU = Release|Any CPU
	EndGlobalSection
	GlobalSection(ProjectConfigurationPlatforms) = postSolution
		{78795798-9632-4EA3-BCE3-9CFA966061F8}.Debug|Any CPU.ActiveCfg = Debug|Any CPU
		{78795798-9632-4EA3-BCE3-9CFA966061F8}.Debug|Any CPU.Build.0 = Debug|Any CPU
		{78795798-9632-4EA3-BCE3-9CFA966061F8}.Release|Any CPU.ActiveCfg = Release|Any CPU
		{78795798-9632-4EA3-BCE3-9CFA966061F8}.Release|Any CPU.Build.0 = Release|Any CPU
		{02F99917-E1D2-4D9E-8414-480C9E819C84}.Debug|Any CPU.ActiveCfg = Debug|Any CPU
		{02F99917-E1D2-4D9E-8414-480C9E819C84}.Debug|Any CPU.Build.0 = Debug|Any CPU
		{02F99917-E1D2-4D9E-8414-480C9E819C84}.Release|Any CPU.ActiveCfg = Release|Any CPU
		{02F99917-E1D2-4D9E-8414-480C9E819C84}.Release|Any CPU.Build.0 = Release|Any CPU
		{7209E121-7820-4A86-B65C-2C87311B634B}.Debug|Any CPU.ActiveCfg = Debug|Any CPU
		{7209E121-7820-4A86-B65C-2C87311B634B}.Debug|Any CPU.Build.0 = Debug|Any CPU
		{7209E121-7820-4A86-B65C-2C87311B634B}.Release|Any CPU.ActiveCfg = Release|Any CPU
		{7209E121-7820-4A86-B65C-2C87311B634B}.Release|Any CPU.Build.0 = Release|Any CPU
	EndGlobalSection
	GlobalSection(SolutionProperties) = preSolution
		HideSolutionNode = FALSE
	EndGlobalSection
	GlobalSection(ExtensibilityGlobals) = postSolution
		SolutionGuid = {9066DB25-8647-4E8A-9850-639DB5541A9D}
	EndGlobalSection
EndGlobal
