
Microsoft Visual Studio Solution File, Format Version 12.00
# Visual Studio Version 17
VisualStudioVersion = 17.2.32526.322
MinimumVisualStudioVersion = 10.0.40219.1
Project("{FAE04EC0-301F-11D3-BF4B-00C04F79EFBC}") = "Assignment.OSS", "Assignment.OSS\Assignment.OSS.csproj", "{121625A2-0A5E-4A88-96DC-7BBFA9C49587}"
EndProject
Global
	GlobalSection(SolutionProperties) = preSolution
		HideSolutionNode = FALSE
	EndGlobalSection
	GlobalSection(ExtensibilityGlobals) = postSolution
		SolutionGuid = {B6C81123-A57E-4FC6-BA21-6FDD0D5846D7}
	EndGlobalSection
	GlobalSection(ProjectConfigurationPlatforms) = postSolution
		{121625A2-0A5E-4A88-96DC-7BBFA9C49587}.Debug|Any CPU.ActiveCfg = Debug|Any CPU
		{121625A2-0A5E-4A88-96DC-7BBFA9C49587}.Debug|Any CPU.Build.0 = Debug|Any CPU
	EndGlobalSection
	GlobalSection(SolutionConfigurationPlatforms) = preSolution
		Debug|Any CPU = Debug|Any CPU
	EndGlobalSection
EndGlobal
