
Microsoft Visual Studio Solution File, Format Version 12.00
Project("{FAE04EC0-301F-11D3-BF4B-00C04F79EFBC}") = "Assignment.MinimalApiDemo", "Assignment.MinimalApiDemo\Assignment.MinimalApiDemo.csproj", "{BAA293BE-4F58-431F-9569-7AFCF806BFA9}"
EndProject
Global
	GlobalSection(SolutionConfigurationPlatforms) = preSolution
		Debug|Any CPU = Debug|Any CPU
		Release|Any CPU = Release|Any CPU
	EndGlobalSection
	GlobalSection(ProjectConfigurationPlatforms) = postSolution
		{BAA293BE-4F58-431F-9569-7AFCF806BFA9}.Debug|Any CPU.ActiveCfg = Debug|Any CPU
		{BAA293BE-4F58-431F-9569-7AFCF806BFA9}.Debug|Any CPU.Build.0 = Debug|Any CPU
		{BAA293BE-4F58-431F-9569-7AFCF806BFA9}.Release|Any CPU.ActiveCfg = Release|Any CPU
		{BAA293BE-4F58-431F-9569-7AFCF806BFA9}.Release|Any CPU.Build.0 = Release|Any CPU
	EndGlobalSection
EndGlobal
