
Microsoft Visual Studio Solution File, Format Version 12.00
Project("{FAE04EC0-301F-11D3-BF4B-00C04F79EFBC}") = "Assignment.InProcessEventBus", "Assignment.InProcessEventBus\Assignment.InProcessEventBus.csproj", "{6ACC24C9-3A30-47CC-998E-3411A438A25A}"
EndProject
Global
	GlobalSection(SolutionConfigurationPlatforms) = preSolution
		Debug|Any CPU = Debug|Any CPU
		Release|Any CPU = Release|Any CPU
	EndGlobalSection
	GlobalSection(ProjectConfigurationPlatforms) = postSolution
		{6ACC24C9-3A30-47CC-998E-3411A438A25A}.Debug|Any CPU.ActiveCfg = Debug|Any CPU
		{6ACC24C9-3A30-47CC-998E-3411A438A25A}.Debug|Any CPU.Build.0 = Debug|Any CPU
		{6ACC24C9-3A30-47CC-998E-3411A438A25A}.Release|Any CPU.ActiveCfg = Release|Any CPU
		{6ACC24C9-3A30-47CC-998E-3411A438A25A}.Release|Any CPU.Build.0 = Release|Any CPU
	EndGlobalSection
EndGlobal
