
Microsoft Visual Studio Solution File, Format Version 12.00
# Visual Studio Version 17
VisualStudioVersion = 17.3.32505.426
MinimumVisualStudioVersion = 10.0.40219.1
Project("{FAE04EC0-301F-11D3-BF4B-00C04F79EFBC}") = "Assignment.MasaEntityFramework", "Assignment.MasaEntityFramework\Assignment.MasaEntityFramework.csproj", "{1EACF03D-5966-49F3-BF4F-8A1F346499D1}"
EndProject
Global
	GlobalSection(SolutionConfigurationPlatforms) = preSolution
		Debug|Any CPU = Debug|Any CPU
		Release|Any CPU = Release|Any CPU
	EndGlobalSection
	GlobalSection(ProjectConfigurationPlatforms) = postSolution
		{1EACF03D-5966-49F3-BF4F-8A1F346499D1}.Debug|Any CPU.ActiveCfg = Debug|Any CPU
		{1EACF03D-5966-49F3-BF4F-8A1F346499D1}.Debug|Any CPU.Build.0 = Debug|Any CPU
		{1EACF03D-5966-49F3-BF4F-8A1F346499D1}.Release|Any CPU.ActiveCfg = Release|Any CPU
		{1EACF03D-5966-49F3-BF4F-8A1F346499D1}.Release|Any CPU.Build.0 = Release|Any CPU
	EndGlobalSection
	GlobalSection(SolutionProperties) = preSolution
		HideSolutionNode = FALSE
	EndGlobalSection
	GlobalSection(ExtensibilityGlobals) = postSolution
		SolutionGuid = {A01EE337-CB4B-4A58-B3A6-BC0A12DC1214}
	EndGlobalSection
EndGlobal
